
Microsoft Visual Studio Solution File, Format Version 12.00
# Visual Studio Version 17
VisualStudioVersion = 17.0.32112.339
MinimumVisualStudioVersion = 10.0.40219.1
Project("{FAE04EC0-301F-11D3-BF4B-00C04F79EFBC}") = "Folder Media Player IP", "Folder Media Player IP\Folder Media Player IP.csproj", "{3CFB24D8-0B06-4060-A534-B85B94DF78B7}"
EndProject
Global
	GlobalSection(SolutionConfigurationPlatforms) = preSolution
		Debug|Any CPU = Debug|Any CPU
		Release|Any CPU = Release|Any CPU
	EndGlobalSection
	GlobalSection(ProjectConfigurationPlatforms) = postSolution
		{3CFB24D8-0B06-4060-A534-B85B94DF78B7}.Debug|Any CPU.ActiveCfg = Debug|Any CPU
		{3CFB24D8-0B06-4060-A534-B85B94DF78B7}.Debug|Any CPU.Build.0 = Debug|Any CPU
		{3CFB24D8-0B06-4060-A534-B85B94DF78B7}.Release|Any CPU.ActiveCfg = Release|Any CPU
		{3CFB24D8-0B06-4060-A534-B85B94DF78B7}.Release|Any CPU.Build.0 = Release|Any CPU
	EndGlobalSection
	GlobalSection(SolutionProperties) = preSolution
		HideSolutionNode = FALSE
	EndGlobalSection
	GlobalSection(ExtensibilityGlobals) = postSolution
		SolutionGuid = {567C4F1D-F9AE-4258-A632-8D4E3F6A3F7E}
	EndGlobalSection
EndGlobal
